
Microsoft Visual Studio Solution File, Format Version 12.00
# Visual Studio Version 17
VisualStudioVersion = 17.4.33205.214
MinimumVisualStudioVersion = 10.0.40219.1
Project("{FAE04EC0-301F-11D3-BF4B-00C04F79EFBC}") = "IAsyncEnumerable_Practise", "IAsyncEnumerable_Practise\IAsyncEnumerable_Practise.csproj", "{A2DCF41F-5A91-4557-A05E-E46636221FC5}"
EndProject
Global
	GlobalSection(SolutionConfigurationPlatforms) = preSolution
		Debug|Any CPU = Debug|Any CPU
		Release|Any CPU = Release|Any CPU
	EndGlobalSection
	GlobalSection(ProjectConfigurationPlatforms) = postSolution
		{A2DCF41F-5A91-4557-A05E-E46636221FC5}.Debug|Any CPU.ActiveCfg = Debug|Any CPU
		{A2DCF41F-5A91-4557-A05E-E46636221FC5}.Debug|Any CPU.Build.0 = Debug|Any CPU
		{A2DCF41F-5A91-4557-A05E-E46636221FC5}.Release|Any CPU.ActiveCfg = Release|Any CPU
		{A2DCF41F-5A91-4557-A05E-E46636221FC5}.Release|Any CPU.Build.0 = Release|Any CPU
	EndGlobalSection
	GlobalSection(SolutionProperties) = preSolution
		HideSolutionNode = FALSE
	EndGlobalSection
	GlobalSection(ExtensibilityGlobals) = postSolution
		SolutionGuid = {ED982126-5F3D-4501-B079-630891B022C4}
	EndGlobalSection
EndGlobal
